// !$*UTF8*$!
{
	archiveVersion = 1;
	classes = {
	};
	objectVersion = 46;
	objects = {

/* Begin PBXBuildFile section */
		1148D3AC1EEB296F000411BC /* AppDelegate.swift in Sources */ = {isa = PBXBuildFile; fileRef = 1148D3AB1EEB296F000411BC /* AppDelegate.swift */; };
		1148D3B11EEB2970000411BC /* Main.storyboard in Resources */ = {isa = PBXBuildFile; fileRef = 1148D3AF1EEB2970000411BC /* Main.storyboard */; };
		1148D3B31EEB2970000411BC /* Assets.xcassets in Resources */ = {isa = PBXBuildFile; fileRef = 1148D3B21EEB2970000411BC /* Assets.xcassets */; };
		1148D3B61EEB2970000411BC /* LaunchScreen.storyboard in Resources */ = {isa = PBXBuildFile; fileRef = 1148D3B41EEB2970000411BC /* LaunchScreen.storyboard */; };
		1148D3C11EEB2970000411BC /* iTunesTop25MoviesTests.swift in Sources */ = {isa = PBXBuildFile; fileRef = 1148D3C01EEB2970000411BC /* iTunesTop25MoviesTests.swift */; };
		1148D3CF1EEB31E1000411BC /* Movie.swift in Sources */ = {isa = PBXBuildFile; fileRef = 1148D3CE1EEB31E0000411BC /* Movie.swift */; };
		1148D3D11EEB3680000411BC /* ITunesAPIClient.swift in Sources */ = {isa = PBXBuildFile; fileRef = 1148D3D01EEB3680000411BC /* ITunesAPIClient.swift */; };
		1148D3D51EEB389C000411BC /* MovieListViewController.swift in Sources */ = {isa = PBXBuildFile; fileRef = 1148D3D41EEB389C000411BC /* MovieListViewController.swift */; };
		1148D3D71EEB38DD000411BC /* MovieDetailViewController.swift in Sources */ = {isa = PBXBuildFile; fileRef = 1148D3D61EEB38DD000411BC /* MovieDetailViewController.swift */; };
		1148D3D91EEB3989000411BC /* DataStore.swift in Sources */ = {isa = PBXBuildFile; fileRef = 1148D3D81EEB3989000411BC /* DataStore.swift */; };
		1148D3DB1EEB740C000411BC /* MovieTest.swift in Sources */ = {isa = PBXBuildFile; fileRef = 1148D3DA1EEB740C000411BC /* MovieTest.swift */; };
		1148D3DD1EEB7480000411BC /* sampleJSON in Resources */ = {isa = PBXBuildFile; fileRef = 1148D3DC1EEB7480000411BC /* sampleJSON */; };
/* End PBXBuildFile section */

/* Begin PBXContainerItemProxy section */
		1148D3BD1EEB2970000411BC /* PBXContainerItemProxy */ = {
			isa = PBXContainerItemProxy;
			containerPortal = 1148D3A01EEB296E000411BC /* Project object */;
			proxyType = 1;
			remoteGlobalIDString = 1148D3A71EEB296F000411BC;
			remoteInfo = iTunesTop25Movies;
		};
/* End PBXContainerItemProxy section */

/* Begin PBXFileReference section */
		1148D3A81EEB296F000411BC /* iTunesTop25Movies.app */ = {isa = PBXFileReference; explicitFileType = wrapper.application; includeInIndex = 0; path = iTunesTop25Movies.app; sourceTree = BUILT_PRODUCTS_DIR; };
		1148D3AB1EEB296F000411BC /* AppDelegate.swift */ = {isa = PBXFileReference; lastKnownFileType = sourcecode.swift; path = AppDelegate.swift; sourceTree = "<group>"; };
		1148D3B01EEB2970000411BC /* Base */ = {isa = PBXFileReference; lastKnownFileType = file.storyboard; name = Base; path = Base.lproj/Main.storyboard; sourceTree = "<group>"; };
		1148D3B21EEB2970000411BC /* Assets.xcassets */ = {isa = PBXFileReference; lastKnownFileType = folder.assetcatalog; path = Assets.xcassets; sourceTree = "<group>"; };
		1148D3B51EEB2970000411BC /* Base */ = {isa = PBXFileReference; lastKnownFileType = file.storyboard; name = Base; path = Base.lproj/LaunchScreen.storyboard; sourceTree = "<group>"; };
		1148D3B71EEB2970000411BC /* Info.plist */ = {isa = PBXFileReference; lastKnownFileType = text.plist.xml; path = Info.plist; sourceTree = "<group>"; };
		1148D3BC1EEB2970000411BC /* iTunesTop25MoviesTests.xctest */ = {isa = PBXFileReference; explicitFileType = wrapper.cfbundle; includeInIndex = 0; path = iTunesTop25MoviesTests.xctest; sourceTree = BUILT_PRODUCTS_DIR; };
		1148D3C01EEB2970000411BC /* iTunesTop25MoviesTests.swift */ = {isa = PBXFileReference; lastKnownFileType = sourcecode.swift; path = iTunesTop25MoviesTests.swift; sourceTree = "<group>"; };
		1148D3C21EEB2971000411BC /* Info.plist */ = {isa = PBXFileReference; lastKnownFileType = text.plist.xml; path = Info.plist; sourceTree = "<group>"; };
		1148D3CE1EEB31E0000411BC /* Movie.swift */ = {isa = PBXFileReference; fileEncoding = 4; lastKnownFileType = sourcecode.swift; path = Movie.swift; sourceTree = "<group>"; };
		1148D3D01EEB3680000411BC /* ITunesAPIClient.swift */ = {isa = PBXFileReference; fileEncoding = 4; lastKnownFileType = sourcecode.swift; path = ITunesAPIClient.swift; sourceTree = "<group>"; };
		1148D3D41EEB389C000411BC /* MovieListViewController.swift */ = {isa = PBXFileReference; fileEncoding = 4; lastKnownFileType = sourcecode.swift; name = MovieListViewController.swift; path = ../MovieListViewController.swift; sourceTree = "<group>"; };
		1148D3D61EEB38DD000411BC /* MovieDetailViewController.swift */ = {isa = PBXFileReference; fileEncoding = 4; lastKnownFileType = sourcecode.swift; path = MovieDetailViewController.swift; sourceTree = "<group>"; };
		1148D3D81EEB3989000411BC /* DataStore.swift */ = {isa = PBXFileReference; fileEncoding = 4; lastKnownFileType = sourcecode.swift; path = DataStore.swift; sourceTree = "<group>"; };
		1148D3DA1EEB740C000411BC /* MovieTest.swift */ = {isa = PBXFileReference; fileEncoding = 4; lastKnownFileType = sourcecode.swift; path = MovieTest.swift; sourceTree = "<group>"; };
		1148D3DC1EEB7480000411BC /* sampleJSON */ = {isa = PBXFileReference; fileEncoding = 4; lastKnownFileType = text; path = sampleJSON; sourceTree = "<group>"; };
/* End PBXFileReference section */

/* Begin PBXFrameworksBuildPhase section */
		1148D3A51EEB296F000411BC /* Frameworks */ = {
			isa = PBXFrameworksBuildPhase;
			buildActionMask = 2147483647;
			files = (
			);
			runOnlyForDeploymentPostprocessing = 0;
		};
		1148D3B91EEB2970000411BC /* Frameworks */ = {
			isa = PBXFrameworksBuildPhase;
			buildActionMask = 2147483647;
			files = (
			);
			runOnlyForDeploymentPostprocessing = 0;
		};
/* End PBXFrameworksBuildPhase section */

/* Begin PBXGroup section */
		1148D39F1EEB296E000411BC = {
			isa = PBXGroup;
			children = (
				1148D3AA1EEB296F000411BC /* iTunesTop25Movies */,
				1148D3BF1EEB2970000411BC /* iTunesTop25MoviesTests */,
				1148D3A91EEB296F000411BC /* Products */,
			);
			sourceTree = "<group>";
		};
		1148D3A91EEB296F000411BC /* Products */ = {
			isa = PBXGroup;
			children = (
				1148D3A81EEB296F000411BC /* iTunesTop25Movies.app */,
				1148D3BC1EEB2970000411BC /* iTunesTop25MoviesTests.xctest */,
			);
			name = Products;
			sourceTree = "<group>";
		};
		1148D3AA1EEB296F000411BC /* iTunesTop25Movies */ = {
			isa = PBXGroup;
			children = (
				1148D3CC1EEB31B3000411BC /* Model */,
				1148D3CD1EEB31BE000411BC /* View */,
				1148D3CB1EEB31A4000411BC /* Controller */,
				1148D3B21EEB2970000411BC /* Assets.xcassets */,
				1148D3B41EEB2970000411BC /* LaunchScreen.storyboard */,
				1148D3B71EEB2970000411BC /* Info.plist */,
			);
			path = iTunesTop25Movies;
			sourceTree = "<group>";
		};
		1148D3BF1EEB2970000411BC /* iTunesTop25MoviesTests */ = {
			isa = PBXGroup;
			children = (
				1148D3C01EEB2970000411BC /* iTunesTop25MoviesTests.swift */,
				1148D3DC1EEB7480000411BC /* sampleJSON */,
				1148D3DA1EEB740C000411BC /* MovieTest.swift */,
				1148D3C21EEB2971000411BC /* Info.plist */,
			);
			path = iTunesTop25MoviesTests;
			sourceTree = "<group>";
		};
		1148D3CB1EEB31A4000411BC /* Controller */ = {
			isa = PBXGroup;
			children = (
				1148D3D41EEB389C000411BC /* MovieListViewController.swift */,
				1148D3D61EEB38DD000411BC /* MovieDetailViewController.swift */,
				1148D3AB1EEB296F000411BC /* AppDelegate.swift */,
			);
			name = Controller;
			sourceTree = "<group>";
		};
		1148D3CC1EEB31B3000411BC /* Model */ = {
			isa = PBXGroup;
			children = (
				1148D3CE1EEB31E0000411BC /* Movie.swift */,
				1148D3D01EEB3680000411BC /* ITunesAPIClient.swift */,
				1148D3D81EEB3989000411BC /* DataStore.swift */,
			);
			name = Model;
			sourceTree = "<group>";
		};
		1148D3CD1EEB31BE000411BC /* View */ = {
			isa = PBXGroup;
			children = (
				1148D3AF1EEB2970000411BC /* Main.storyboard */,
			);
			name = View;
			sourceTree = "<group>";
		};
/* End PBXGroup section */

/* Begin PBXNativeTarget section */
		1148D3A71EEB296F000411BC /* iTunesTop25Movies */ = {
			isa = PBXNativeTarget;
			buildConfigurationList = 1148D3C51EEB2971000411BC /* Build configuration list for PBXNativeTarget "iTunesTop25Movies" */;
			buildPhases = (
				1148D3A41EEB296F000411BC /* Sources */,
				1148D3A51EEB296F000411BC /* Frameworks */,
				1148D3A61EEB296F000411BC /* Resources */,
			);
			buildRules = (
			);
			dependencies = (
			);
			name = iTunesTop25Movies;
			productName = iTunesTop25Movies;
			productReference = 1148D3A81EEB296F000411BC /* iTunesTop25Movies.app */;
			productType = "com.apple.product-type.application";
		};
		1148D3BB1EEB2970000411BC /* iTunesTop25MoviesTests */ = {
			isa = PBXNativeTarget;
			buildConfigurationList = 1148D3C81EEB2971000411BC /* Build configuration list for PBXNativeTarget "iTunesTop25MoviesTests" */;
			buildPhases = (
				1148D3B81EEB2970000411BC /* Sources */,
				1148D3B91EEB2970000411BC /* Frameworks */,
				1148D3BA1EEB2970000411BC /* Resources */,
			);
			buildRules = (
			);
			dependencies = (
				1148D3BE1EEB2970000411BC /* PBXTargetDependency */,
			);
			name = iTunesTop25MoviesTests;
			productName = iTunesTop25MoviesTests;
			productReference = 1148D3BC1EEB2970000411BC /* iTunesTop25MoviesTests.xctest */;
			productType = "com.apple.product-type.bundle.unit-test";
		};
/* End PBXNativeTarget section */

/* Begin PBXProject section */
		1148D3A01EEB296E000411BC /* Project object */ = {
			isa = PBXProject;
			attributes = {
				LastSwiftUpdateCheck = 0830;
				LastUpgradeCheck = 0830;
				ORGANIZATIONNAME = Dougly;
				TargetAttributes = {
					1148D3A71EEB296F000411BC = {
						CreatedOnToolsVersion = 8.3;
						DevelopmentTeam = RL4R32J4H9;
						ProvisioningStyle = Automatic;
					};
					1148D3BB1EEB2970000411BC = {
						CreatedOnToolsVersion = 8.3;
						DevelopmentTeam = RL4R32J4H9;
						ProvisioningStyle = Automatic;
						TestTargetID = 1148D3A71EEB296F000411BC;
					};
				};
			};
			buildConfigurationList = 1148D3A31EEB296E000411BC /* Build configuration list for PBXProject "iTunesTop25Movies" */;
			compatibilityVersion = "Xcode 3.2";
			developmentRegion = English;
			hasScannedForEncodings = 0;
			knownRegions = (
				en,
				Base,
			);
			mainGroup = 1148D39F1EEB296E000411BC;
			productRefGroup = 1148D3A91EEB296F000411BC /* Products */;
			projectDirPath = "";
			projectRoot = "";
			targets = (
				1148D3A71EEB296F000411BC /* iTunesTop25Movies */,
				1148D3BB1EEB2970000411BC /* iTunesTop25MoviesTests */,
			);
		};
/* End PBXProject section */

/* Begin PBXResourcesBuildPhase section */
		1148D3A61EEB296F000411BC /* Resources */ = {
			isa = PBXResourcesBuildPhase;
			buildActionMask = 2147483647;
			files = (
				1148D3B61EEB2970000411BC /* LaunchScreen.storyboard in Resources */,
				1148D3B31EEB2970000411BC /* Assets.xcassets in Resources */,
				1148D3B11EEB2970000411BC /* Main.storyboard in Resources */,
			);
			runOnlyForDeploymentPostprocessing = 0;
		};
		1148D3BA1EEB2970000411BC /* Resources */ = {
			isa = PBXResourcesBuildPhase;
			buildActionMask = 2147483647;
			files = (
				1148D3DD1EEB7480000411BC /* sampleJSON in Resources */,
			);
			runOnlyForDeploymentPostprocessing = 0;
		};
/* End PBXResourcesBuildPhase section */

/* Begin PBXSourcesBuildPhase section */
		1148D3A41EEB296F000411BC /* Sources */ = {
			isa = PBXSourcesBuildPhase;
			buildActionMask = 2147483647;
			files = (
				1148D3D51EEB389C000411BC /* MovieListViewController.swift in Sources */,
				1148D3D91EEB3989000411BC /* DataStore.swift in Sources */,
				1148D3D71EEB38DD000411BC /* MovieDetailViewController.swift in Sources */,
				1148D3D11EEB3680000411BC /* ITunesAPIClient.swift in Sources */,
				1148D3AC1EEB296F000411BC /* AppDelegate.swift in Sources */,
				1148D3CF1EEB31E1000411BC /* Movie.swift in Sources */,
			);
			runOnlyForDeploymentPostprocessing = 0;
		};
		1148D3B81EEB2970000411BC /* Sources */ = {
			isa = PBXSourcesBuildPhase;
			buildActionMask = 2147483647;
			files = (
				1148D3DB1EEB740C000411BC /* MovieTest.swift in Sources */,
				1148D3C11EEB2970000411BC /* iTunesTop25MoviesTests.swift in Sources */,
			);
			runOnlyForDeploymentPostprocessing = 0;
		};
/* End PBXSourcesBuildPhase section */

/* Begin PBXTargetDependency section */
		1148D3BE1EEB2970000411BC /* PBXTargetDependency */ = {
			isa = PBXTargetDependency;
			target = 1148D3A71EEB296F000411BC /* iTunesTop25Movies */;
			targetProxy = 1148D3BD1EEB2970000411BC /* PBXContainerItemProxy */;
		};
/* End PBXTargetDependency section */

/* Begin PBXVariantGroup section */
		1148D3AF1EEB2970000411BC /* Main.storyboard */ = {
			isa = PBXVariantGroup;
			children = (
				1148D3B01EEB2970000411BC /* Base */,
			);
			name = Main.storyboard;
			sourceTree = "<group>";
		};
		1148D3B41EEB2970000411BC /* LaunchScreen.storyboard */ = {
			isa = PBXVariantGroup;
			children = (
				1148D3B51EEB2970000411BC /* Base */,
			);
			name = LaunchScreen.storyboard;
			sourceTree = "<group>";
		};
/* End PBXVariantGroup section */

/* Begin XCBuildConfiguration section */
		1148D3C31EEB2971000411BC /* Debug */ = {
			isa = XCBuildConfiguration;
			buildSettings = {
				ALWAYS_SEARCH_USER_PATHS = NO;
				CLANG_ANALYZER_NONNULL = YES;
				CLANG_ANALYZER_NUMBER_OBJECT_CONVERSION = YES_AGGRESSIVE;
				CLANG_CXX_LANGUAGE_STANDARD = "gnu++0x";
				CLANG_CXX_LIBRARY = "libc++";
				CLANG_ENABLE_MODULES = YES;
				CLANG_ENABLE_OBJC_ARC = YES;
				CLANG_WARN_BOOL_CONVERSION = YES;
				CLANG_WARN_CONSTANT_CONVERSION = YES;
				CLANG_WARN_DIRECT_OBJC_ISA_USAGE = YES_ERROR;
				CLANG_WARN_DOCUMENTATION_COMMENTS = YES;
				CLANG_WARN_EMPTY_BODY = YES;
				CLANG_WARN_ENUM_CONVERSION = YES;
				CLANG_WARN_INFINITE_RECURSION = YES;
				CLANG_WARN_INT_CONVERSION = YES;
				CLANG_WARN_OBJC_ROOT_CLASS = YES_ERROR;
				CLANG_WARN_SUSPICIOUS_MOVE = YES;
				CLANG_WARN_UNREACHABLE_CODE = YES;
				CLANG_WARN__DUPLICATE_METHOD_MATCH = YES;
				"CODE_SIGN_IDENTITY[sdk=iphoneos*]" = "iPhone Developer";
				COPY_PHASE_STRIP = NO;
				DEBUG_INFORMATION_FORMAT = dwarf;
				ENABLE_STRICT_OBJC_MSGSEND = YES;
				ENABLE_TESTABILITY = YES;
				GCC_C_LANGUAGE_STANDARD = gnu99;
				GCC_DYNAMIC_NO_PIC = NO;
				GCC_NO_COMMON_BLOCKS = YES;
				GCC_OPTIMIZATION_LEVEL = 0;
				GCC_PREPROCESSOR_DEFINITIONS = (
					"DEBUG=1",
					"$(inherited)",
				);
				GCC_WARN_64_TO_32_BIT_CONVERSION = YES;
				GCC_WARN_ABOUT_RETURN_TYPE = YES_ERROR;
				GCC_WARN_UNDECLARED_SELECTOR = YES;
				GCC_WARN_UNINITIALIZED_AUTOS = YES_AGGRESSIVE;
				GCC_WARN_UNUSED_FUNCTION = YES;
				GCC_WARN_UNUSED_VARIABLE = YES;
				IPHONEOS_DEPLOYMENT_TARGET = 10.3;
				MTL_ENABLE_DEBUG_INFO = YES;
				ONLY_ACTIVE_ARCH = YES;
				SDKROOT = iphoneos;
				SWIFT_ACTIVE_COMPILATION_CONDITIONS = DEBUG;
				SWIFT_OPTIMIZATION_LEVEL = "-Onone";
				TARGETED_DEVICE_FAMILY = "1,2";
			};
			name = Debug;
		};
		1148D3C41EEB2971000411BC /* Release */ = {
			isa = XCBuildConfiguration;
			buildSettings = {
				ALWAYS_SEARCH_USER_PATHS = NO;
				CLANG_ANALYZER_NONNULL = YES;
				CLANG_ANALYZER_NUMBER_OBJECT_CONVERSION = YES_AGGRESSIVE;
				CLANG_CXX_LANGUAGE_STANDARD = "gnu++0x";
				CLANG_CXX_LIBRARY = "libc++";
				CLANG_ENABLE_MODULES = YES;
				CLANG_ENABLE_OBJC_ARC = YES;
				CLANG_WARN_BOOL_CONVERSION = YES;
				CLANG_WARN_CONSTANT_CONVERSION = YES;
				CLANG_WARN_DIRECT_OBJC_ISA_USAGE = YES_ERROR;
				CLANG_WARN_DOCUMENTATION_COMMENTS = YES;
				CLANG_WARN_EMPTY_BODY = YES;
				CLANG_WARN_ENUM_CONVERSION = YES;
				CLANG_WARN_INFINITE_RECURSION = YES;
				CLANG_WARN_INT_CONVERSION = YES;
				CLANG_WARN_OBJC_ROOT_CLASS = YES_ERROR;
				CLANG_WARN_SUSPICIOUS_MOVE = YES;
				CLANG_WARN_UNREACHABLE_CODE = YES;
				CLANG_WARN__DUPLICATE_METHOD_MATCH = YES;
				"CODE_SIGN_IDENTITY[sdk=iphoneos*]" = "iPhone Developer";
				COPY_PHASE_STRIP = NO;
				DEBUG_INFORMATION_FORMAT = "dwarf-with-dsym";
				ENABLE_NS_ASSERTIONS = NO;
				ENABLE_STRICT_OBJC_MSGSEND = YES;
				GCC_C_LANGUAGE_STANDARD = gnu99;
				GCC_NO_COMMON_BLOCKS = YES;
				GCC_WARN_64_TO_32_BIT_CONVERSION = YES;
				GCC_WARN_ABOUT_RETURN_TYPE = YES_ERROR;
				GCC_WARN_UNDECLARED_SELECTOR = YES;
				GCC_WARN_UNINITIALIZED_AUTOS = YES_AGGRESSIVE;
				GCC_WARN_UNUSED_FUNCTION = YES;
				GCC_WARN_UNUSED_VARIABLE = YES;
				IPHONEOS_DEPLOYMENT_TARGET = 10.3;
				MTL_ENABLE_DEBUG_INFO = NO;
				SDKROOT = iphoneos;
				SWIFT_OPTIMIZATION_LEVEL = "-Owholemodule";
				TARGETED_DEVICE_FAMILY = "1,2";
				VALIDATE_PRODUCT = YES;
			};
			name = Release;
		};
		1148D3C61EEB2971000411BC /* Debug */ = {
			isa = XCBuildConfiguration;
			buildSettings = {
				ASSETCATALOG_COMPILER_APPICON_NAME = AppIcon;
				DEVELOPMENT_TEAM = RL4R32J4H9;
				INFOPLIST_FILE = iTunesTop25Movies/Info.plist;
				LD_RUNPATH_SEARCH_PATHS = "$(inherited) @executable_path/Frameworks";
				PRODUCT_BUNDLE_IDENTIFIER = com.dougly.iTunesTop25Movies;
				PRODUCT_NAME = "$(TARGET_NAME)";
				SWIFT_VERSION = 3.0;
			};
			name = Debug;
		};
		1148D3C71EEB2971000411BC /* Release */ = {
			isa = XCBuildConfiguration;
			buildSettings = {
				ASSETCATALOG_COMPILER_APPICON_NAME = AppIcon;
				DEVELOPMENT_TEAM = RL4R32J4H9;
				INFOPLIST_FILE = iTunesTop25Movies/Info.plist;
				LD_RUNPATH_SEARCH_PATHS = "$(inherited) @executable_path/Frameworks";
				PRODUCT_BUNDLE_IDENTIFIER = com.dougly.iTunesTop25Movies;
				PRODUCT_NAME = "$(TARGET_NAME)";
				SWIFT_VERSION = 3.0;
			};
			name = Release;
		};
		1148D3C91EEB2971000411BC /* Debug */ = {
			isa = XCBuildConfiguration;
			buildSettings = {
				ALWAYS_EMBED_SWIFT_STANDARD_LIBRARIES = YES;
				BUNDLE_LOADER = "$(TEST_HOST)";
				DEVELOPMENT_TEAM = RL4R32J4H9;
				INFOPLIST_FILE = iTunesTop25MoviesTests/Info.plist;
				LD_RUNPATH_SEARCH_PATHS = "$(inherited) @executable_path/Frameworks @loader_path/Frameworks";
				PRODUCT_BUNDLE_IDENTIFIER = com.dougly.iTunesTop25MoviesTests;
				PRODUCT_NAME = "$(TARGET_NAME)";
				SWIFT_VERSION = 3.0;
				TEST_HOST = "$(BUILT_PRODUCTS_DIR)/iTunesTop25Movies.app/iTunesTop25Movies";
			};
			name = Debug;
		};
		1148D3CA1EEB2971000411BC /* Release */ = {
			isa = XCBuildConfiguration;
			buildSettings = {
				ALWAYS_EMBED_SWIFT_STANDARD_LIBRARIES = YES;
				BUNDLE_LOADER = "$(TEST_HOST)";
				DEVELOPMENT_TEAM = RL4R32J4H9;
				INFOPLIST_FILE = iTunesTop25MoviesTests/Info.plist;
				LD_RUNPATH_SEARCH_PATHS = "$(inherited) @executable_path/Frameworks @loader_path/Frameworks";
				PRODUCT_BUNDLE_IDENTIFIER = com.dougly.iTunesTop25MoviesTests;
				PRODUCT_NAME = "$(TARGET_NAME)";
				SWIFT_VERSION = 3.0;
				TEST_HOST = "$(BUILT_PRODUCTS_DIR)/iTunesTop25Movies.app/iTunesTop25Movies";
			};
			name = Release;
		};
/* End XCBuildConfiguration section */

/* Begin XCConfigurationList section */
		1148D3A31EEB296E000411BC /* Build configuration list for PBXProject "iTunesTop25Movies" */ = {
			isa = XCConfigurationList;
			buildConfigurations = (
				1148D3C31EEB2971000411BC /* Debug */,
				1148D3C41EEB2971000411BC /* Release */,
			);
			defaultConfigurationIsVisible = 0;
			defaultConfigurationName = Release;
		};
		1148D3C51EEB2971000411BC /* Build configuration list for PBXNativeTarget "iTunesTop25Movies" */ = {
			isa = XCConfigurationList;
			buildConfigurations = (
				1148D3C61EEB2971000411BC /* Debug */,
				1148D3C71EEB2971000411BC /* Release */,
			);
			defaultConfigurationIsVisible = 0;
			defaultConfigurationName = Release;
		};
		1148D3C81EEB2971000411BC /* Build configuration list for PBXNativeTarget "iTunesTop25MoviesTests" */ = {
			isa = XCConfigurationList;
			buildConfigurations = (
				1148D3C91EEB2971000411BC /* Debug */,
				1148D3CA1EEB2971000411BC /* Release */,
			);
			defaultConfigurationIsVisible = 0;
			defaultConfigurationName = Release;
		};
/* End XCConfigurationList section */
	};
	rootObject = 1148D3A01EEB296E000411BC /* Project object */;
}
